
Microsoft Visual Studio Solution File, Format Version 12.00
# Visual Studio 15
VisualStudioVersion = 15.0.28010.2050
MinimumVisualStudioVersion = 10.0.40219.1
Project("{FAE04EC0-301F-11D3-BF4B-00C04F79EFBC}") = "Test", "Test\Test.csproj", "{B5E46166-0C9A-4075-B236-FFB2B1EF91C4}"
EndProject
Global
	GlobalSection(SolutionConfigurationPlatforms) = preSolution
		Debug|Any CPU = Debug|Any CPU
		Release|Any CPU = Release|Any CPU
	EndGlobalSection
	GlobalSection(ProjectConfigurationPlatforms) = postSolution
		{B5E46166-0C9A-4075-B236-FFB2B1EF91C4}.Debug|Any CPU.ActiveCfg = Debug|Any CPU
		{B5E46166-0C9A-4075-B236-FFB2B1EF91C4}.Debug|Any CPU.Build.0 = Debug|Any CPU
		{B5E46166-0C9A-4075-B236-FFB2B1EF91C4}.Release|Any CPU.ActiveCfg = Release|Any CPU
		{B5E46166-0C9A-4075-B236-FFB2B1EF91C4}.Release|Any CPU.Build.0 = Release|Any CPU
	EndGlobalSection
	GlobalSection(SolutionProperties) = preSolution
		HideSolutionNode = FALSE
	EndGlobalSection
	GlobalSection(ExtensibilityGlobals) = postSolution
		SolutionGuid = {D3E32A56-0DEC-493F-A951-CCE04B5333D1}
	EndGlobalSection
EndGlobal
